Microsoft Visual Studio Solution File, Format Version 12.00
# Visual Studio Version 17
VisualStudioVersion = 17.1.32407.343
MinimumVisualStudioVersion = 10.0.40219.1
Project("{9A19103F-16F7-4668-BE54-9A1E7A4F7556}") = "ChatTwo", "ChatTwo\ChatTwo.csproj", "{739F75E6-B65F-41EF-9D90-F7BC519E4875}"
EndProject
Global
	GlobalSection(SolutionConfigurationPlatforms) = preSolution
		Debug|Any CPU = Debug|Any CPU
		Release|Any CPU = Release|Any CPU
	EndGlobalSection
	GlobalSection(ProjectConfigurationPlatforms) = postSolution
		{739F75E6-B65F-41EF-9D90-F7BC519E4875}.Debug|Any CPU.ActiveCfg = Debug|Any CPU
		{739F75E6-B65F-41EF-9D90-F7BC519E4875}.Debug|Any CPU.Build.0 = Debug|Any CPU
		{739F75E6-B65F-41EF-9D90-F7BC519E4875}.Release|Any CPU.ActiveCfg = Release|Any CPU
		{739F75E6-B65F-41EF-9D90-F7BC519E4875}.Release|Any CPU.Build.0 = Release|Any CPU
	EndGlobalSection
	GlobalSection(SolutionProperties) = preSolution
		HideSolutionNode = FALSE
	EndGlobalSection
	GlobalSection(ExtensibilityGlobals) = postSolution
		SolutionGuid = {D01A0B27-E67E-4A3A-9442-AD45854F2F11}
	EndGlobalSection
EndGlobal
